Microsoft Visual Studio Solution File, Format Version 12.00
# Visual Studio Version 17
VisualStudioVersion = 17.5.2.0
MinimumVisualStudioVersion = 10.0.40219.1
Project("{2150E333-8FDC-42A3-9474-1A3956D46DE8}") = "CodeSamples", "CodeSamples", "{35253E69-6D3E-08A5-45CE-10CBE5D7743E}"
EndProject
Project("{2150E333-8FDC-42A3-9474-1A3956D46DE8}") = "Docker", "Docker", "{55AB73D1-9043-96CA-F0AA-C7C6646A6F69}"
EndProject
Project("{2150E333-8FDC-42A3-9474-1A3956D46DE8}") = "elearn", "elearn", "{99FAE1C3-AA96-2E6C-8D9A-7CB2218402F1}"
EndProject
Project("{FAE04EC0-301F-11D3-BF4B-00C04F79EFBC}") = "ElearnBackend", "CodeSamples\Docker\elearn\elearn-backend\ElearnBackend.csproj", "{150C716B-7863-D7A3-D6C9-FA5490F93B13}"
EndProject
Global
	GlobalSection(SolutionConfigurationPlatforms) = preSolution
		Debug|Any CPU = Debug|Any CPU
		Release|Any CPU = Release|Any CPU
	EndGlobalSection
	GlobalSection(ProjectConfigurationPlatforms) = postSolution
		{150C716B-7863-D7A3-D6C9-FA5490F93B13}.Debug|Any CPU.ActiveCfg = Debug|Any CPU
		{150C716B-7863-D7A3-D6C9-FA5490F93B13}.Debug|Any CPU.Build.0 = Debug|Any CPU
		{150C716B-7863-D7A3-D6C9-FA5490F93B13}.Release|Any CPU.ActiveCfg = Release|Any CPU
		{150C716B-7863-D7A3-D6C9-FA5490F93B13}.Release|Any CPU.Build.0 = Release|Any CPU
	EndGlobalSection
	GlobalSection(SolutionProperties) = preSolution
		HideSolutionNode = FALSE
	EndGlobalSection
	GlobalSection(NestedProjects) = preSolution
		{55AB73D1-9043-96CA-F0AA-C7C6646A6F69} = {35253E69-6D3E-08A5-45CE-10CBE5D7743E}
		{99FAE1C3-AA96-2E6C-8D9A-7CB2218402F1} = {55AB73D1-9043-96CA-F0AA-C7C6646A6F69}
		{150C716B-7863-D7A3-D6C9-FA5490F93B13} = {99FAE1C3-AA96-2E6C-8D9A-7CB2218402F1}
	EndGlobalSection
	GlobalSection(ExtensibilityGlobals) = postSolution
		SolutionGuid = {D35892DD-9722-4E75-ABE2-66336DD47E53}
	EndGlobalSection
EndGlobal
